// !$*UTF8*$!
{
	archiveVersion = 1;
	classes = {
	};
	objectVersion = 50;
	objects = {

/* Begin PBXBuildFile section */
		35746C9425FBB4ED00B168BD /* AppDelegate.swift in Sources */ = {isa = PBXBuildFile; fileRef = 35746C9325FBB4ED00B168BD /* AppDelegate.swift */; };
		35746C9625FBB4ED00B168BD /* SceneDelegate.swift in Sources */ = {isa = PBXBuildFile; fileRef = 35746C9525FBB4ED00B168BD /* SceneDelegate.swift */; };
		35746C9825FBB4ED00B168BD /* ViewController.swift in Sources */ = {isa = PBXBuildFile; fileRef = 35746C9725FBB4ED00B168BD /* ViewController.swift */; };
		35746C9B25FBB4ED00B168BD /* Main.storyboard in Resources */ = {isa = PBXBuildFile; fileRef = 35746C9925FBB4ED00B168BD /* Main.storyboard */; };
		35746C9D25FBB4F300B168BD /* Assets.xcassets in Resources */ = {isa = PBXBuildFile; fileRef = 35746C9C25FBB4F300B168BD /* Assets.xcassets */; };
		35746CA025FBB4F300B168BD /* LaunchScreen.storyboard in Resources */ = {isa = PBXBuildFile; fileRef = 35746C9E25FBB4F300B168BD /* LaunchScreen.storyboard */; };
		35746CB125FBB5D700B168BD /* Network.swift in Sources */ = {isa = PBXBuildFile; fileRef = 35746CB025FBB5D700B168BD /* Network.swift */; };
		35746CB425FBB5F400B168BD /* Recipe.swift in Sources */ = {isa = PBXBuildFile; fileRef = 35746CB325FBB5F400B168BD /* Recipe.swift */; };
		35746CB825FBB73400B168BD /* MainViewModel.swift in Sources */ = {isa = PBXBuildFile; fileRef = 35746CB725FBB73400B168BD /* MainViewModel.swift */; };
		35746CBE25FBBBBE00B168BD /* RecipeCell.swift in Sources */ = {isa = PBXBuildFile; fileRef = 35746CBC25FBBBBE00B168BD /* RecipeCell.swift */; };
		35746CBF25FBBBBE00B168BD /* RecipeCell.xib in Resources */ = {isa = PBXBuildFile; fileRef = 35746CBD25FBBBBE00B168BD /* RecipeCell.xib */; };
		35746CC325FC53CE00B168BD /* Router.swift in Sources */ = {isa = PBXBuildFile; fileRef = 35746CC225FC53CD00B168BD /* Router.swift */; };
		35746CC625FC53FA00B168BD /* DetailController.swift in Sources */ = {isa = PBXBuildFile; fileRef = 35746CC525FC53FA00B168BD /* DetailController.swift */; };
		35746CC925FC543B00B168BD /* DetailCell.swift in Sources */ = {isa = PBXBuildFile; fileRef = 35746CC825FC543B00B168BD /* DetailCell.swift */; };
		35746CCD25FC55FE00B168BD /* LoadImage.swift in Sources */ = {isa = PBXBuildFile; fileRef = 35746CCC25FC55FE00B168BD /* LoadImage.swift */; };
		35746CD025FC567A00B168BD /* DetailViewModel.swift in Sources */ = {isa = PBXBuildFile; fileRef = 35746CCF25FC567A00B168BD /* DetailViewModel.swift */; };
/* End PBXBuildFile section */

/* Begin PBXFileReference section */
		35746C9025FBB4ED00B168BD /* TestRecipes.app */ = {isa = PBXFileReference; explicitFileType = wrapper.application; includeInIndex = 0; path = TestRecipes.app; sourceTree = BUILT_PRODUCTS_DIR; };
		35746C9325FBB4ED00B168BD /* AppDelegate.swift */ = {isa = PBXFileReference; lastKnownFileType = sourcecode.swift; path = AppDelegate.swift; sourceTree = "<group>"; };
		35746C9525FBB4ED00B168BD /* SceneDelegate.swift */ = {isa = PBXFileReference; lastKnownFileType = sourcecode.swift; path = SceneDelegate.swift; sourceTree = "<group>"; };
		35746C9725FBB4ED00B168BD /* ViewController.swift */ = {isa = PBXFileReference; lastKnownFileType = sourcecode.swift; path = ViewController.swift; sourceTree = "<group>"; };
		35746C9A25FBB4ED00B168BD /* Base */ = {isa = PBXFileReference; lastKnownFileType = file.storyboard; name = Base; path = Base.lproj/Main.storyboard; sourceTree = "<group>"; };
		35746C9C25FBB4F300B168BD /* Assets.xcassets */ = {isa = PBXFileReference; lastKnownFileType = folder.assetcatalog; path = Assets.xcassets; sourceTree = "<group>"; };
		35746C9F25FBB4F300B168BD /* Base */ = {isa = PBXFileReference; lastKnownFileType = file.storyboard; name = Base; path = Base.lproj/LaunchScreen.storyboard; sourceTree = "<group>"; };
		35746CA125FBB4F300B168BD /* Info.plist */ = {isa = PBXFileReference; lastKnownFileType = text.plist.xml; path = Info.plist; sourceTree = "<group>"; };
		35746CB025FBB5D700B168BD /* Network.swift */ = {isa = PBXFileReference; lastKnownFileType = sourcecode.swift; path = Network.swift; sourceTree = "<group>"; };
		35746CB325FBB5F400B168BD /* Recipe.swift */ = {isa = PBXFileReference; lastKnownFileType = sourcecode.swift; path = Recipe.swift; sourceTree = "<group>"; };
		35746CB725FBB73400B168BD /* MainViewModel.swift */ = {isa = PBXFileReference; lastKnownFileType = sourcecode.swift; path = MainViewModel.swift; sourceTree = "<group>"; };
		35746CBC25FBBBBE00B168BD /* RecipeCell.swift */ = {isa = PBXFileReference; lastKnownFileType = sourcecode.swift; path = RecipeCell.swift; sourceTree = "<group>"; };
		35746CBD25FBBBBE00B168BD /* RecipeCell.xib */ = {isa = PBXFileReference; lastKnownFileType = file.xib; path = RecipeCell.xib; sourceTree = "<group>"; };
		35746CC225FC53CD00B168BD /* Router.swift */ = {isa = PBXFileReference; lastKnownFileType = sourcecode.swift; path = Router.swift; sourceTree = "<group>"; };
		35746CC525FC53FA00B168BD /* DetailController.swift */ = {isa = PBXFileReference; lastKnownFileType = sourcecode.swift; path = DetailController.swift; sourceTree = "<group>"; };
		35746CC825FC543B00B168BD /* DetailCell.swift */ = {isa = PBXFileReference; lastKnownFileType = sourcecode.swift; path = DetailCell.swift; sourceTree = "<group>"; };
		35746CCC25FC55FE00B168BD /* LoadImage.swift */ = {isa = PBXFileReference; lastKnownFileType = sourcecode.swift; path = LoadImage.swift; sourceTree = "<group>"; };
		35746CCF25FC567A00B168BD /* DetailViewModel.swift */ = {isa = PBXFileReference; lastKnownFileType = sourcecode.swift; path = DetailViewModel.swift; sourceTree = "<group>"; };
/* End PBXFileReference section */

/* Begin PBXFrameworksBuildPhase section */
		35746C8D25FBB4ED00B168BD /* Frameworks */ = {
			isa = PBXFrameworksBuildPhase;
			buildActionMask = 2147483647;
			files = (
			);
			runOnlyForDeploymentPostprocessing = 0;
		};
/* End PBXFrameworksBuildPhase section */

/* Begin PBXGroup section */
		35746C8725FBB4EC00B168BD = {
			isa = PBXGroup;
			children = (
				35746C9225FBB4ED00B168BD /* TestRecipes */,
				35746C9125FBB4ED00B168BD /* Products */,
			);
			sourceTree = "<group>";
		};
		35746C9125FBB4ED00B168BD /* Products */ = {
			isa = PBXGroup;
			children = (
				35746C9025FBB4ED00B168BD /* TestRecipes.app */,
			);
			name = Products;
			sourceTree = "<group>";
		};
		35746C9225FBB4ED00B168BD /* TestRecipes */ = {
			isa = PBXGroup;
			children = (
				35746CCB25FC55EF00B168BD /* Core */,
				35746CB625FBB61D00B168BD /* ViewModel */,
				35746CAD25FBB59B00B168BD /* Controllers */,
				35746CAC25FBB58D00B168BD /* Router */,
				35746CAB25FBB57B00B168BD /* Modul */,
				35746CAA25FBB56300B168BD /* View */,
				35746CA925FBB52D00B168BD /* Resurces */,
				35746CA825FBB51400B168BD /* Application */,
			);
			path = TestRecipes;
			sourceTree = "<group>";
		};
		35746CA825FBB51400B168BD /* Application */ = {
			isa = PBXGroup;
			children = (
				35746C9325FBB4ED00B168BD /* AppDelegate.swift */,
				35746C9525FBB4ED00B168BD /* SceneDelegate.swift */,
			);
			path = Application;
			sourceTree = "<group>";
		};
		35746CA925FBB52D00B168BD /* Resurces */ = {
			isa = PBXGroup;
			children = (
				35746C9C25FBB4F300B168BD /* Assets.xcassets */,
				35746C9E25FBB4F300B168BD /* LaunchScreen.storyboard */,
				35746CA125FBB4F300B168BD /* Info.plist */,
			);
			path = Resurces;
			sourceTree = "<group>";
		};
		35746CAA25FBB56300B168BD /* View */ = {
			isa = PBXGroup;
			children = (
				35746CBB25FBBB9600B168BD /* Cells */,
				35746C9925FBB4ED00B168BD /* Main.storyboard */,
			);
			path = View;
			sourceTree = "<group>";
		};
		35746CAB25FBB57B00B168BD /* Modul */ = {
			isa = PBXGroup;
			children = (
				35746CB025FBB5D700B168BD /* Network.swift */,
				35746CB325FBB5F400B168BD /* Recipe.swift */,
			);
			path = Modul;
			sourceTree = "<group>";
		};
		35746CAC25FBB58D00B168BD /* Router */ = {
			isa = PBXGroup;
			children = (
				35746CC225FC53CD00B168BD /* Router.swift */,
			);
			path = Router;
			sourceTree = "<group>";
		};
		35746CAD25FBB59B00B168BD /* Controllers */ = {
			isa = PBXGroup;
			children = (
				35746C9725FBB4ED00B168BD /* ViewController.swift */,
				35746CC525FC53FA00B168BD /* DetailController.swift */,
			);
			path = Controllers;
			sourceTree = "<group>";
		};
		35746CB625FBB61D00B168BD /* ViewModel */ = {
			isa = PBXGroup;
			children = (
				35746CB725FBB73400B168BD /* MainViewModel.swift */,
				35746CCF25FC567A00B168BD /* DetailViewModel.swift */,
			);
			path = ViewModel;
			sourceTree = "<group>";
		};
		35746CBB25FBBB9600B168BD /* Cells */ = {
			isa = PBXGroup;
			children = (
				35746CBC25FBBBBE00B168BD /* RecipeCell.swift */,
				35746CBD25FBBBBE00B168BD /* RecipeCell.xib */,
				35746CC825FC543B00B168BD /* DetailCell.swift */,
			);
			path = Cells;
			sourceTree = "<group>";
		};
		35746CCB25FC55EF00B168BD /* Core */ = {
			isa = PBXGroup;
			children = (
				35746CCC25FC55FE00B168BD /* LoadImage.swift */,
			);
			path = Core;
			sourceTree = "<group>";
		};
/* End PBXGroup section */

/* Begin PBXNativeTarget section */
		35746C8F25FBB4ED00B168BD /* TestRecipes */ = {
			isa = PBXNativeTarget;
			buildConfigurationList = 35746CA425FBB4F300B168BD /* Build configuration list for PBXNativeTarget "TestRecipes" */;
			buildPhases = (
				35746C8C25FBB4ED00B168BD /* Sources */,
				35746C8D25FBB4ED00B168BD /* Frameworks */,
				35746C8E25FBB4ED00B168BD /* Resources */,
			);
			buildRules = (
			);
			dependencies = (
			);
			name = TestRecipes;
			productName = TestRecipes;
			productReference = 35746C9025FBB4ED00B168BD /* TestRecipes.app */;
			productType = "com.apple.product-type.application";
		};
/* End PBXNativeTarget section */

/* Begin PBXProject section */
		35746C8825FBB4EC00B168BD /* Project object */ = {
			isa = PBXProject;
			attributes = {
				LastSwiftUpdateCheck = 1240;
				LastUpgradeCheck = 1240;
				TargetAttributes = {
					35746C8F25FBB4ED00B168BD = {
						CreatedOnToolsVersion = 12.4;
					};
				};
			};
			buildConfigurationList = 35746C8B25FBB4EC00B168BD /* Build configuration list for PBXProject "TestRecipes" */;
			compatibilityVersion = "Xcode 9.3";
			developmentRegion = en;
			hasScannedForEncodings = 0;
			knownRegions = (
				en,
				Base,
			);
			mainGroup = 35746C8725FBB4EC00B168BD;
			productRefGroup = 35746C9125FBB4ED00B168BD /* Products */;
			projectDirPath = "";
			projectRoot = "";
			targets = (
				35746C8F25FBB4ED00B168BD /* TestRecipes */,
			);
		};
/* End PBXProject section */

/* Begin PBXResourcesBuildPhase section */
		35746C8E25FBB4ED00B168BD /* Resources */ = {
			isa = PBXResourcesBuildPhase;
			buildActionMask = 2147483647;
			files = (
				35746CA025FBB4F300B168BD /* LaunchScreen.storyboard in Resources */,
				35746C9D25FBB4F300B168BD /* Assets.xcassets in Resources */,
				35746C9B25FBB4ED00B168BD /* Main.storyboard in Resources */,
				35746CBF25FBBBBE00B168BD /* RecipeCell.xib in Resources */,
			);
			runOnlyForDeploymentPostprocessing = 0;
		};
/* End PBXResourcesBuildPhase section */

/* Begin PBXSourcesBuildPhase section */
		35746C8C25FBB4ED00B168BD /* Sources */ = {
			isa = PBXSourcesBuildPhase;
			buildActionMask = 2147483647;
			files = (
				35746CC925FC543B00B168BD /* DetailCell.swift in Sources */,
				35746CC325FC53CE00B168BD /* Router.swift in Sources */,
				35746C9825FBB4ED00B168BD /* ViewController.swift in Sources */,
				35746C9425FBB4ED00B168BD /* AppDelegate.swift in Sources */,
				35746CCD25FC55FE00B168BD /* LoadImage.swift in Sources */,
				35746CB125FBB5D700B168BD /* Network.swift in Sources */,
				35746CBE25FBBBBE00B168BD /* RecipeCell.swift in Sources */,
				35746CD025FC567A00B168BD /* DetailViewModel.swift in Sources */,
				35746C9625FBB4ED00B168BD /* SceneDelegate.swift in Sources */,
				35746CB425FBB5F400B168BD /* Recipe.swift in Sources */,
				35746CC625FC53FA00B168BD /* DetailController.swift in Sources */,
				35746CB825FBB73400B168BD /* MainViewModel.swift in Sources */,
			);
			runOnlyForDeploymentPostprocessing = 0;
		};
/* End PBXSourcesBuildPhase section */

/* Begin PBXVariantGroup section */
		35746C9925FBB4ED00B168BD /* Main.storyboard */ = {
			isa = PBXVariantGroup;
			children = (
				35746C9A25FBB4ED00B168BD /* Base */,
			);
			name = Main.storyboard;
			sourceTree = "<group>";
		};
		35746C9E25FBB4F300B168BD /* LaunchScreen.storyboard */ = {
			isa = PBXVariantGroup;
			children = (
				35746C9F25FBB4F300B168BD /* Base */,
			);
			name = LaunchScreen.storyboard;
			sourceTree = "<group>";
		};
/* End PBXVariantGroup section */

/* Begin XCBuildConfiguration section */
		35746CA225FBB4F300B168BD /* Debug */ = {
			isa = XCBuildConfiguration;
			buildSettings = {
				ALWAYS_SEARCH_USER_PATHS = NO;
				CLANG_ANALYZER_NONNULL = YES;
				CLANG_ANALYZER_NUMBER_OBJECT_CONVERSION = YES_AGGRESSIVE;
				CLANG_CXX_LANGUAGE_STANDARD = "gnu++14";
				CLANG_CXX_LIBRARY = "libc++";
				CLANG_ENABLE_MODULES = YES;
				CLANG_ENABLE_OBJC_ARC = YES;
				CLANG_ENABLE_OBJC_WEAK = YES;
				CLANG_WARN_BLOCK_CAPTURE_AUTORELEASING = YES;
				CLANG_WARN_BOOL_CONVERSION = YES;
				CLANG_WARN_COMMA = YES;
				CLANG_WARN_CONSTANT_CONVERSION = YES;
				CLANG_WARN_DEPRECATED_OBJC_IMPLEMENTATIONS = YES;
				CLANG_WARN_DIRECT_OBJC_ISA_USAGE = YES_ERROR;
				CLANG_WARN_DOCUMENTATION_COMMENTS = YES;
				CLANG_WARN_EMPTY_BODY = YES;
				CLANG_WARN_ENUM_CONVERSION = YES;
				CLANG_WARN_INFINITE_RECURSION = YES;
				CLANG_WARN_INT_CONVERSION = YES;
				CLANG_WARN_NON_LITERAL_NULL_CONVERSION = YES;
				CLANG_WARN_OBJC_IMPLICIT_RETAIN_SELF = YES;
				CLANG_WARN_OBJC_LITERAL_CONVERSION = YES;
				CLANG_WARN_OBJC_ROOT_CLASS = YES_ERROR;
				CLANG_WARN_QUOTED_INCLUDE_IN_FRAMEWORK_HEADER = YES;
				CLANG_WARN_RANGE_LOOP_ANALYSIS = YES;
				CLANG_WARN_STRICT_PROTOTYPES = YES;
				CLANG_WARN_SUSPICIOUS_MOVE = YES;
				CLANG_WARN_UNGUARDED_AVAILABILITY = YES_AGGRESSIVE;
				CLANG_WARN_UNREACHABLE_CODE = YES;
				CLANG_WARN__DUPLICATE_METHOD_MATCH = YES;
				COPY_PHASE_STRIP = NO;
				DEBUG_INFORMATION_FORMAT = dwarf;
				ENABLE_STRICT_OBJC_MSGSEND = YES;
				ENABLE_TESTABILITY = YES;
				GCC_C_LANGUAGE_STANDARD = gnu11;
				GCC_DYNAMIC_NO_PIC = NO;
				GCC_NO_COMMON_BLOCKS = YES;
				GCC_OPTIMIZATION_LEVEL = 0;
				GCC_PREPROCESSOR_DEFINITIONS = (
					"DEBUG=1",
					"$(inherited)",
				);
				GCC_WARN_64_TO_32_BIT_CONVERSION = YES;
				GCC_WARN_ABOUT_RETURN_TYPE = YES_ERROR;
				GCC_WARN_UNDECLARED_SELECTOR = YES;
				GCC_WARN_UNINITIALIZED_AUTOS = YES_AGGRESSIVE;
				GCC_WARN_UNUSED_FUNCTION = YES;
				GCC_WARN_UNUSED_VARIABLE = YES;
				IPHONEOS_DEPLOYMENT_TARGET = 14.4;
				MTL_ENABLE_DEBUG_INFO = INCLUDE_SOURCE;
				MTL_FAST_MATH = YES;
				ONLY_ACTIVE_ARCH = YES;
				SDKROOT = iphoneos;
				SWIFT_ACTIVE_COMPILATION_CONDITIONS = DEBUG;
				SWIFT_OPTIMIZATION_LEVEL = "-Onone";
			};
			name = Debug;
		};
		35746CA325FBB4F300B168BD /* Release */ = {
			isa = XCBuildConfiguration;
			buildSettings = {
				ALWAYS_SEARCH_USER_PATHS = NO;
				CLANG_ANALYZER_NONNULL = YES;
				CLANG_ANALYZER_NUMBER_OBJECT_CONVERSION = YES_AGGRESSIVE;
				CLANG_CXX_LANGUAGE_STANDARD = "gnu++14";
				CLANG_CXX_LIBRARY = "libc++";
				CLANG_ENABLE_MODULES = YES;
				CLANG_ENABLE_OBJC_ARC = YES;
				CLANG_ENABLE_OBJC_WEAK = YES;
				CLANG_WARN_BLOCK_CAPTURE_AUTORELEASING = YES;
				CLANG_WARN_BOOL_CONVERSION = YES;
				CLANG_WARN_COMMA = YES;
				CLANG_WARN_CONSTANT_CONVERSION = YES;
				CLANG_WARN_DEPRECATED_OBJC_IMPLEMENTATIONS = YES;
				CLANG_WARN_DIRECT_OBJC_ISA_USAGE = YES_ERROR;
				CLANG_WARN_DOCUMENTATION_COMMENTS = YES;
				CLANG_WARN_EMPTY_BODY = YES;
				CLANG_WARN_ENUM_CONVERSION = YES;
				CLANG_WARN_INFINITE_RECURSION = YES;
				CLANG_WARN_INT_CONVERSION = YES;
				CLANG_WARN_NON_LITERAL_NULL_CONVERSION = YES;
				CLANG_WARN_OBJC_IMPLICIT_RETAIN_SELF = YES;
				CLANG_WARN_OBJC_LITERAL_CONVERSION = YES;
				CLANG_WARN_OBJC_ROOT_CLASS = YES_ERROR;
				CLANG_WARN_QUOTED_INCLUDE_IN_FRAMEWORK_HEADER = YES;
				CLANG_WARN_RANGE_LOOP_ANALYSIS = YES;
				CLANG_WARN_STRICT_PROTOTYPES = YES;
				CLANG_WARN_SUSPICIOUS_MOVE = YES;
				CLANG_WARN_UNGUARDED_AVAILABILITY = YES_AGGRESSIVE;
				CLANG_WARN_UNREACHABLE_CODE = YES;
				CLANG_WARN__DUPLICATE_METHOD_MATCH = YES;
				COPY_PHASE_STRIP = NO;
				DEBUG_INFORMATION_FORMAT = "dwarf-with-dsym";
				ENABLE_NS_ASSERTIONS = NO;
				ENABLE_STRICT_OBJC_MSGSEND = YES;
				GCC_C_LANGUAGE_STANDARD = gnu11;
				GCC_NO_COMMON_BLOCKS = YES;
				GCC_WARN_64_TO_32_BIT_CONVERSION = YES;
				GCC_WARN_ABOUT_RETURN_TYPE = YES_ERROR;
				GCC_WARN_UNDECLARED_SELECTOR = YES;
				GCC_WARN_UNINITIALIZED_AUTOS = YES_AGGRESSIVE;
				GCC_WARN_UNUSED_FUNCTION = YES;
				GCC_WARN_UNUSED_VARIABLE = YES;
				IPHONEOS_DEPLOYMENT_TARGET = 14.4;
				MTL_ENABLE_DEBUG_INFO = NO;
				MTL_FAST_MATH = YES;
				SDKROOT = iphoneos;
				SWIFT_COMPILATION_MODE = wholemodule;
				SWIFT_OPTIMIZATION_LEVEL = "-O";
				VALIDATE_PRODUCT = YES;
			};
			name = Release;
		};
		35746CA525FBB4F300B168BD /* Debug */ = {
			isa = XCBuildConfiguration;
			buildSettings = {
				ASSETCATALOG_COMPILER_APPICON_NAME = AppIcon;
				ASSETCATALOG_COMPILER_GLOBAL_ACCENT_COLOR_NAME = AccentColor;
				CODE_SIGN_STYLE = Automatic;
				DEVELOPMENT_TEAM = KBWZGWH625;
				INFOPLIST_FILE = TestRecipes/Resurces/Info.plist;
				LD_RUNPATH_SEARCH_PATHS = (
					"$(inherited)",
					"@executable_path/Frameworks",
				);
				PRODUCT_BUNDLE_IDENTIFIER = badmain.TestRecipes;
				PRODUCT_NAME = "$(TARGET_NAME)";
				SWIFT_VERSION = 5.0;
				TARGETED_DEVICE_FAMILY = "1,2";
			};
			name = Debug;
		};
		35746CA625FBB4F300B168BD /* Release */ = {
			isa = XCBuildConfiguration;
			buildSettings = {
				ASSETCATALOG_COMPILER_APPICON_NAME = AppIcon;
				ASSETCATALOG_COMPILER_GLOBAL_ACCENT_COLOR_NAME = AccentColor;
				CODE_SIGN_STYLE = Automatic;
				DEVELOPMENT_TEAM = KBWZGWH625;
				INFOPLIST_FILE = TestRecipes/Resurces/Info.plist;
				LD_RUNPATH_SEARCH_PATHS = (
					"$(inherited)",
					"@executable_path/Frameworks",
				);
				PRODUCT_BUNDLE_IDENTIFIER = badmain.TestRecipes;
				PRODUCT_NAME = "$(TARGET_NAME)";
				SWIFT_VERSION = 5.0;
				TARGETED_DEVICE_FAMILY = "1,2";
			};
			name = Release;
		};
/* End XCBuildConfiguration section */

/* Begin XCConfigurationList section */
		35746C8B25FBB4EC00B168BD /* Build configuration list for PBXProject "TestRecipes" */ = {
			isa = XCConfigurationList;
			buildConfigurations = (
				35746CA225FBB4F300B168BD /* Debug */,
				35746CA325FBB4F300B168BD /* Release */,
			);
			defaultConfigurationIsVisible = 0;
			defaultConfigurationName = Release;
		};
		35746CA425FBB4F300B168BD /* Build configuration list for PBXNativeTarget "TestRecipes" */ = {
			isa = XCConfigurationList;
			buildConfigurations = (
				35746CA525FBB4F300B168BD /* Debug */,
				35746CA625FBB4F300B168BD /* Release */,
			);
			defaultConfigurationIsVisible = 0;
			defaultConfigurationName = Release;
		};
/* End XCConfigurationList section */
	};
	rootObject = 35746C8825FBB4EC00B168BD /* Project object */;
}
